
Microsoft Visual Studio Solution File, Format Version 12.00
# Visual Studio Version 16
VisualStudioVersion = 16.0.31321.278
MinimumVisualStudioVersion = 10.0.40219.1
Project("{FAE04EC0-301F-11D3-BF4B-00C04F79EFBC}") = "SistemaEstoque", "SistemaControleEstoque\SistemaEstoque.csproj", "{3C194638-D379-4098-99DB-F9F2E4849A13}"
EndProject
Global
	GlobalSection(SolutionConfigurationPlatforms) = preSolution
		Debug|Any CPU = Debug|Any CPU
		Release|Any CPU = Release|Any CPU
	EndGlobalSection
	GlobalSection(ProjectConfigurationPlatforms) = postSolution
		{3C194638-D379-4098-99DB-F9F2E4849A13}.Debug|Any CPU.ActiveCfg = Debug|Any CPU
		{3C194638-D379-4098-99DB-F9F2E4849A13}.Debug|Any CPU.Build.0 = Debug|Any CPU
		{3C194638-D379-4098-99DB-F9F2E4849A13}.Release|Any CPU.ActiveCfg = Release|Any CPU
		{3C194638-D379-4098-99DB-F9F2E4849A13}.Release|Any CPU.Build.0 = Release|Any CPU
	EndGlobalSection
	GlobalSection(SolutionProperties) = preSolution
		HideSolutionNode = FALSE
	EndGlobalSection
	GlobalSection(ExtensibilityGlobals) = postSolution
		SolutionGuid = {EFCA1C06-65EC-4C35-8D2D-8BBA5BA13AA4}
	EndGlobalSection
EndGlobal
